// !$*UTF8*$!
{
	archiveVersion = 1;
	classes = {
	};
	objectVersion = 50;
	objects = {

/* Begin PBXBuildFile section */
		455A38DA2369CBB100AE7B06 /* AppDelegate.swift in Sources */ = {isa = PBXBuildFile; fileRef = 455A38D92369CBB100AE7B06 /* AppDelegate.swift */; };
		455A38DC2369CBB100AE7B06 /* SceneDelegate.swift in Sources */ = {isa = PBXBuildFile; fileRef = 455A38DB2369CBB100AE7B06 /* SceneDelegate.swift */; };
		455A38E12369CBB100AE7B06 /* Main.storyboard in Resources */ = {isa = PBXBuildFile; fileRef = 455A38DF2369CBB100AE7B06 /* Main.storyboard */; };
		455A38E32369CBB400AE7B06 /* Assets.xcassets in Resources */ = {isa = PBXBuildFile; fileRef = 455A38E22369CBB400AE7B06 /* Assets.xcassets */; };
		455A38E62369CBB400AE7B06 /* LaunchScreen.storyboard in Resources */ = {isa = PBXBuildFile; fileRef = 455A38E42369CBB400AE7B06 /* LaunchScreen.storyboard */; };
		455A38EF2369D16400AE7B06 /* TaskListViewController.swift in Sources */ = {isa = PBXBuildFile; fileRef = 455A38EE2369D16400AE7B06 /* TaskListViewController.swift */; };
		455A38F1236B120000AE7B06 /* AddTaskViewController.swift in Sources */ = {isa = PBXBuildFile; fileRef = 455A38F0236B120000AE7B06 /* AddTaskViewController.swift */; };
		455A38F4236B36BD00AE7B06 /* Task.swift in Sources */ = {isa = PBXBuildFile; fileRef = 455A38F3236B36BD00AE7B06 /* Task.swift */; };
		4C8722D7A8544FB3EBAFC06A /* Pods_RxSwift_TodoList.framework in Frameworks */ = {isa = PBXBuildFile; fileRef = B0831410DB4315309CCC2297 /* Pods_RxSwift_TodoList.framework */; };
/* End PBXBuildFile section */

/* Begin PBXFileReference section */
		0C84DAC6078804B3DC6BA6FF /* Pods-RxSwift-TodoList.release.xcconfig */ = {isa = PBXFileReference; includeInIndex = 1; lastKnownFileType = text.xcconfig; name = "Pods-RxSwift-TodoList.release.xcconfig"; path = "Target Support Files/Pods-RxSwift-TodoList/Pods-RxSwift-TodoList.release.xcconfig"; sourceTree = "<group>"; };
		455A38D62369CBB100AE7B06 /* RxSwift-TodoList.app */ = {isa = PBXFileReference; explicitFileType = wrapper.application; includeInIndex = 0; path = "RxSwift-TodoList.app"; sourceTree = BUILT_PRODUCTS_DIR; };
		455A38D92369CBB100AE7B06 /* AppDelegate.swift */ = {isa = PBXFileReference; lastKnownFileType = sourcecode.swift; path = AppDelegate.swift; sourceTree = "<group>"; };
		455A38DB2369CBB100AE7B06 /* SceneDelegate.swift */ = {isa = PBXFileReference; lastKnownFileType = sourcecode.swift; path = SceneDelegate.swift; sourceTree = "<group>"; };
		455A38E02369CBB100AE7B06 /* Base */ = {isa = PBXFileReference; lastKnownFileType = file.storyboard; name = Base; path = Base.lproj/Main.storyboard; sourceTree = "<group>"; };
		455A38E22369CBB400AE7B06 /* Assets.xcassets */ = {isa = PBXFileReference; lastKnownFileType = folder.assetcatalog; path = Assets.xcassets; sourceTree = "<group>"; };
		455A38E52369CBB400AE7B06 /* Base */ = {isa = PBXFileReference; lastKnownFileType = file.storyboard; name = Base; path = Base.lproj/LaunchScreen.storyboard; sourceTree = "<group>"; };
		455A38E72369CBB400AE7B06 /* Info.plist */ = {isa = PBXFileReference; lastKnownFileType = text.plist.xml; path = Info.plist; sourceTree = "<group>"; };
		455A38EE2369D16400AE7B06 /* TaskListViewController.swift */ = {isa = PBXFileReference; lastKnownFileType = sourcecode.swift; path = TaskListViewController.swift; sourceTree = "<group>"; };
		455A38F0236B120000AE7B06 /* AddTaskViewController.swift */ = {isa = PBXFileReference; lastKnownFileType = sourcecode.swift; path = AddTaskViewController.swift; sourceTree = "<group>"; };
		455A38F3236B36BD00AE7B06 /* Task.swift */ = {isa = PBXFileReference; lastKnownFileType = sourcecode.swift; path = Task.swift; sourceTree = "<group>"; };
		6D441D0B815DA33E0EDB6502 /* Pods-RxSwift-TodoList.debug.xcconfig */ = {isa = PBXFileReference; includeInIndex = 1; lastKnownFileType = text.xcconfig; name = "Pods-RxSwift-TodoList.debug.xcconfig"; path = "Target Support Files/Pods-RxSwift-TodoList/Pods-RxSwift-TodoList.debug.xcconfig"; sourceTree = "<group>"; };
		B0831410DB4315309CCC2297 /* Pods_RxSwift_TodoList.framework */ = {isa = PBXFileReference; explicitFileType = wrapper.framework; includeInIndex = 0; path = Pods_RxSwift_TodoList.framework; sourceTree = BUILT_PRODUCTS_DIR; };
/* End PBXFileReference section */

/* Begin PBXFrameworksBuildPhase section */
		455A38D32369CBB100AE7B06 /* Frameworks */ = {
			isa = PBXFrameworksBuildPhase;
			buildActionMask = 2147483647;
			files = (
				4C8722D7A8544FB3EBAFC06A /* Pods_RxSwift_TodoList.framework in Frameworks */,
			);
			runOnlyForDeploymentPostprocessing = 0;
		};
/* End PBXFrameworksBuildPhase section */

/* Begin PBXGroup section */
		455A38CD2369CBB100AE7B06 = {
			isa = PBXGroup;
			children = (
				455A38D82369CBB100AE7B06 /* RxSwift-TodoList */,
				455A38D72369CBB100AE7B06 /* Products */,
				ADB61F8EC27F7672A98222F4 /* Pods */,
				89D5D1E8B5D61CD89BD877C8 /* Frameworks */,
			);
			sourceTree = "<group>";
		};
		455A38D72369CBB100AE7B06 /* Products */ = {
			isa = PBXGroup;
			children = (
				455A38D62369CBB100AE7B06 /* RxSwift-TodoList.app */,
			);
			name = Products;
			sourceTree = "<group>";
		};
		455A38D82369CBB100AE7B06 /* RxSwift-TodoList */ = {
			isa = PBXGroup;
			children = (
				455A38F2236B36AE00AE7B06 /* Model */,
				455A38ED2369D14900AE7B06 /* Controller */,
				455A38D92369CBB100AE7B06 /* AppDelegate.swift */,
				455A38DB2369CBB100AE7B06 /* SceneDelegate.swift */,
				455A38E22369CBB400AE7B06 /* Assets.xcassets */,
				455A38E42369CBB400AE7B06 /* LaunchScreen.storyboard */,
				455A38E72369CBB400AE7B06 /* Info.plist */,
			);
			path = "RxSwift-TodoList";
			sourceTree = "<group>";
		};
		455A38ED2369D14900AE7B06 /* Controller */ = {
			isa = PBXGroup;
			children = (
				455A38DF2369CBB100AE7B06 /* Main.storyboard */,
				455A38EE2369D16400AE7B06 /* TaskListViewController.swift */,
				455A38F0236B120000AE7B06 /* AddTaskViewController.swift */,
			);
			path = Controller;
			sourceTree = "<group>";
		};
		455A38F2236B36AE00AE7B06 /* Model */ = {
			isa = PBXGroup;
			children = (
				455A38F3236B36BD00AE7B06 /* Task.swift */,
			);
			path = Model;
			sourceTree = "<group>";
		};
		89D5D1E8B5D61CD89BD877C8 /* Frameworks */ = {
			isa = PBXGroup;
			children = (
				B0831410DB4315309CCC2297 /* Pods_RxSwift_TodoList.framework */,
			);
			name = Frameworks;
			sourceTree = "<group>";
		};
		ADB61F8EC27F7672A98222F4 /* Pods */ = {
			isa = PBXGroup;
			children = (
				6D441D0B815DA33E0EDB6502 /* Pods-RxSwift-TodoList.debug.xcconfig */,
				0C84DAC6078804B3DC6BA6FF /* Pods-RxSwift-TodoList.release.xcconfig */,
			);
			name = Pods;
			path = Pods;
			sourceTree = "<group>";
		};
/* End PBXGroup section */

/* Begin PBXNativeTarget section */
		455A38D52369CBB100AE7B06 /* RxSwift-TodoList */ = {
			isa = PBXNativeTarget;
			buildConfigurationList = 455A38EA2369CBB400AE7B06 /* Build configuration list for PBXNativeTarget "RxSwift-TodoList" */;
			buildPhases = (
				124DC5C438B0533E784E2876 /* [CP] Check Pods Manifest.lock */,
				455A38D22369CBB100AE7B06 /* Sources */,
				455A38D32369CBB100AE7B06 /* Frameworks */,
				455A38D42369CBB100AE7B06 /* Resources */,
				01230D0EC2E74C70DCDA66E7 /* [CP] Embed Pods Frameworks */,
			);
			buildRules = (
			);
			dependencies = (
			);
			name = "RxSwift-TodoList";
			productName = "RxSwift-TodoList";
			productReference = 455A38D62369CBB100AE7B06 /* RxSwift-TodoList.app */;
			productType = "com.apple.product-type.application";
		};
/* End PBXNativeTarget section */

/* Begin PBXProject section */
		455A38CE2369CBB100AE7B06 /* Project object */ = {
			isa = PBXProject;
			attributes = {
				LastSwiftUpdateCheck = 1110;
				LastUpgradeCheck = 1110;
				ORGANIZATIONNAME = kawaharadai;
				TargetAttributes = {
					455A38D52369CBB100AE7B06 = {
						CreatedOnToolsVersion = 11.1;
					};
				};
			};
			buildConfigurationList = 455A38D12369CBB100AE7B06 /* Build configuration list for PBXProject "RxSwift-TodoList" */;
			compatibilityVersion = "Xcode 9.3";
			developmentRegion = en;
			hasScannedForEncodings = 0;
			knownRegions = (
				en,
				Base,
			);
			mainGroup = 455A38CD2369CBB100AE7B06;
			productRefGroup = 455A38D72369CBB100AE7B06 /* Products */;
			projectDirPath = "";
			projectRoot = "";
			targets = (
				455A38D52369CBB100AE7B06 /* RxSwift-TodoList */,
			);
		};
/* End PBXProject section */

/* Begin PBXResourcesBuildPhase section */
		455A38D42369CBB100AE7B06 /* Resources */ = {
			isa = PBXResourcesBuildPhase;
			buildActionMask = 2147483647;
			files = (
				455A38E62369CBB400AE7B06 /* LaunchScreen.storyboard in Resources */,
				455A38E32369CBB400AE7B06 /* Assets.xcassets in Resources */,
				455A38E12369CBB100AE7B06 /* Main.storyboard in Resources */,
			);
			runOnlyForDeploymentPostprocessing = 0;
		};
/* End PBXResourcesBuildPhase section */

/* Begin PBXShellScriptBuildPhase section */
		01230D0EC2E74C70DCDA66E7 /* [CP] Embed Pods Frameworks */ = {
			isa = PBXShellScriptBuildPhase;
			buildActionMask = 2147483647;
			files = (
			);
			inputFileListPaths = (
				"${PODS_ROOT}/Target Support Files/Pods-RxSwift-TodoList/Pods-RxSwift-TodoList-frameworks-${CONFIGURATION}-input-files.xcfilelist",
			);
			name = "[CP] Embed Pods Frameworks";
			outputFileListPaths = (
				"${PODS_ROOT}/Target Support Files/Pods-RxSwift-TodoList/Pods-RxSwift-TodoList-frameworks-${CONFIGURATION}-output-files.xcfilelist",
			);
			runOnlyForDeploymentPostprocessing = 0;
			shellPath = /bin/sh;
			shellScript = "\"${PODS_ROOT}/Target Support Files/Pods-RxSwift-TodoList/Pods-RxSwift-TodoList-frameworks.sh\"\n";
			showEnvVarsInLog = 0;
		};
		124DC5C438B0533E784E2876 /* [CP] Check Pods Manifest.lock */ = {
			isa = PBXShellScriptBuildPhase;
			buildActionMask = 2147483647;
			files = (
			);
			inputFileListPaths = (
			);
			inputPaths = (
				"${PODS_PODFILE_DIR_PATH}/Podfile.lock",
				"${PODS_ROOT}/Manifest.lock",
			);
			name = "[CP] Check Pods Manifest.lock";
			outputFileListPaths = (
			);
			outputPaths = (
				"$(DERIVED_FILE_DIR)/Pods-RxSwift-TodoList-checkManifestLockResult.txt",
			);
			runOnlyForDeploymentPostprocessing = 0;
			shellPath = /bin/sh;
			shellScript = "diff \"${PODS_PODFILE_DIR_PATH}/Podfile.lock\" \"${PODS_ROOT}/Manifest.lock\" > /dev/null\nif [ $? != 0 ] ; then\n    # print error to STDERR\n    echo \"error: The sandbox is not in sync with the Podfile.lock. Run 'pod install' or update your CocoaPods installation.\" >&2\n    exit 1\nfi\n# This output is used by Xcode 'outputs' to avoid re-running this script phase.\necho \"SUCCESS\" > \"${SCRIPT_OUTPUT_FILE_0}\"\n";
			showEnvVarsInLog = 0;
		};
/* End PBXShellScriptBuildPhase section */

/* Begin PBXSourcesBuildPhase section */
		455A38D22369CBB100AE7B06 /* Sources */ = {
			isa = PBXSourcesBuildPhase;
			buildActionMask = 2147483647;
			files = (
				455A38EF2369D16400AE7B06 /* TaskListViewController.swift in Sources */,
				455A38F1236B120000AE7B06 /* AddTaskViewController.swift in Sources */,
				455A38F4236B36BD00AE7B06 /* Task.swift in Sources */,
				455A38DA2369CBB100AE7B06 /* AppDelegate.swift in Sources */,
				455A38DC2369CBB100AE7B06 /* SceneDelegate.swift in Sources */,
			);
			runOnlyForDeploymentPostprocessing = 0;
		};
/* End PBXSourcesBuildPhase section */

/* Begin PBXVariantGroup section */
		455A38DF2369CBB100AE7B06 /* Main.storyboard */ = {
			isa = PBXVariantGroup;
			children = (
				455A38E02369CBB100AE7B06 /* Base */,
			);
			name = Main.storyboard;
			sourceTree = "<group>";
		};
		455A38E42369CBB400AE7B06 /* LaunchScreen.storyboard */ = {
			isa = PBXVariantGroup;
			children = (
				455A38E52369CBB400AE7B06 /* Base */,
			);
			name = LaunchScreen.storyboard;
			sourceTree = "<group>";
		};
/* End PBXVariantGroup section */

/* Begin XCBuildConfiguration section */
		455A38E82369CBB400AE7B06 /* Debug */ = {
			isa = XCBuildConfiguration;
			buildSettings = {
				ALWAYS_SEARCH_USER_PATHS = NO;
				CLANG_ANALYZER_NONNULL = YES;
				CLANG_ANALYZER_NUMBER_OBJECT_CONVERSION = YES_AGGRESSIVE;
				CLANG_CXX_LANGUAGE_STANDARD = "gnu++14";
				CLANG_CXX_LIBRARY = "libc++";
				CLANG_ENABLE_MODULES = YES;
				CLANG_ENABLE_OBJC_ARC = YES;
				CLANG_ENABLE_OBJC_WEAK = YES;
				CLANG_WARN_BLOCK_CAPTURE_AUTORELEASING = YES;
				CLANG_WARN_BOOL_CONVERSION = YES;
				CLANG_WARN_COMMA = YES;
				CLANG_WARN_CONSTANT_CONVERSION = YES;
				CLANG_WARN_DEPRECATED_OBJC_IMPLEMENTATIONS = YES;
				CLANG_WARN_DIRECT_OBJC_ISA_USAGE = YES_ERROR;
				CLANG_WARN_DOCUMENTATION_COMMENTS = YES;
				CLANG_WARN_EMPTY_BODY = YES;
				CLANG_WARN_ENUM_CONVERSION = YES;
				CLANG_WARN_INFINITE_RECURSION = YES;
				CLANG_WARN_INT_CONVERSION = YES;
				CLANG_WARN_NON_LITERAL_NULL_CONVERSION = YES;
				CLANG_WARN_OBJC_IMPLICIT_RETAIN_SELF = YES;
				CLANG_WARN_OBJC_LITERAL_CONVERSION = YES;
				CLANG_WARN_OBJC_ROOT_CLASS = YES_ERROR;
				CLANG_WARN_RANGE_LOOP_ANALYSIS = YES;
				CLANG_WARN_STRICT_PROTOTYPES = YES;
				CLANG_WARN_SUSPICIOUS_MOVE = YES;
				CLANG_WARN_UNGUARDED_AVAILABILITY = YES_AGGRESSIVE;
				CLANG_WARN_UNREACHABLE_CODE = YES;
				CLANG_WARN__DUPLICATE_METHOD_MATCH = YES;
				COPY_PHASE_STRIP = NO;
				DEBUG_INFORMATION_FORMAT = dwarf;
				ENABLE_STRICT_OBJC_MSGSEND = YES;
				ENABLE_TESTABILITY = YES;
				GCC_C_LANGUAGE_STANDARD = gnu11;
				GCC_DYNAMIC_NO_PIC = NO;
				GCC_NO_COMMON_BLOCKS = YES;
				GCC_OPTIMIZATION_LEVEL = 0;
				GCC_PREPROCESSOR_DEFINITIONS = (
					"DEBUG=1",
					"$(inherited)",
				);
				GCC_WARN_64_TO_32_BIT_CONVERSION = YES;
				GCC_WARN_ABOUT_RETURN_TYPE = YES_ERROR;
				GCC_WARN_UNDECLARED_SELECTOR = YES;
				GCC_WARN_UNINITIALIZED_AUTOS = YES_AGGRESSIVE;
				GCC_WARN_UNUSED_FUNCTION = YES;
				GCC_WARN_UNUSED_VARIABLE = YES;
				IPHONEOS_DEPLOYMENT_TARGET = 13.1;
				MTL_ENABLE_DEBUG_INFO = INCLUDE_SOURCE;
				MTL_FAST_MATH = YES;
				ONLY_ACTIVE_ARCH = YES;
				SDKROOT = iphoneos;
				SWIFT_ACTIVE_COMPILATION_CONDITIONS = DEBUG;
				SWIFT_OPTIMIZATION_LEVEL = "-Onone";
			};
			name = Debug;
		};
		455A38E92369CBB400AE7B06 /* Release */ = {
			isa = XCBuildConfiguration;
			buildSettings = {
				ALWAYS_SEARCH_USER_PATHS = NO;
				CLANG_ANALYZER_NONNULL = YES;
				CLANG_ANALYZER_NUMBER_OBJECT_CONVERSION = YES_AGGRESSIVE;
				CLANG_CXX_LANGUAGE_STANDARD = "gnu++14";
				CLANG_CXX_LIBRARY = "libc++";
				CLANG_ENABLE_MODULES = YES;
				CLANG_ENABLE_OBJC_ARC = YES;
				CLANG_ENABLE_OBJC_WEAK = YES;
				CLANG_WARN_BLOCK_CAPTURE_AUTORELEASING = YES;
				CLANG_WARN_BOOL_CONVERSION = YES;
				CLANG_WARN_COMMA = YES;
				CLANG_WARN_CONSTANT_CONVERSION = YES;
				CLANG_WARN_DEPRECATED_OBJC_IMPLEMENTATIONS = YES;
				CLANG_WARN_DIRECT_OBJC_ISA_USAGE = YES_ERROR;
				CLANG_WARN_DOCUMENTATION_COMMENTS = YES;
				CLANG_WARN_EMPTY_BODY = YES;
				CLANG_WARN_ENUM_CONVERSION = YES;
				CLANG_WARN_INFINITE_RECURSION = YES;
				CLANG_WARN_INT_CONVERSION = YES;
				CLANG_WARN_NON_LITERAL_NULL_CONVERSION = YES;
				CLANG_WARN_OBJC_IMPLICIT_RETAIN_SELF = YES;
				CLANG_WARN_OBJC_LITERAL_CONVERSION = YES;
				CLANG_WARN_OBJC_ROOT_CLASS = YES_ERROR;
				CLANG_WARN_RANGE_LOOP_ANALYSIS = YES;
				CLANG_WARN_STRICT_PROTOTYPES = YES;
				CLANG_WARN_SUSPICIOUS_MOVE = YES;
				CLANG_WARN_UNGUARDED_AVAILABILITY = YES_AGGRESSIVE;
				CLANG_WARN_UNREACHABLE_CODE = YES;
				CLANG_WARN__DUPLICATE_METHOD_MATCH = YES;
				COPY_PHASE_STRIP = NO;
				DEBUG_INFORMATION_FORMAT = "dwarf-with-dsym";
				ENABLE_NS_ASSERTIONS = NO;
				ENABLE_STRICT_OBJC_MSGSEND = YES;
				GCC_C_LANGUAGE_STANDARD = gnu11;
				GCC_NO_COMMON_BLOCKS = YES;
				GCC_WARN_64_TO_32_BIT_CONVERSION = YES;
				GCC_WARN_ABOUT_RETURN_TYPE = YES_ERROR;
				GCC_WARN_UNDECLARED_SELECTOR = YES;
				GCC_WARN_UNINITIALIZED_AUTOS = YES_AGGRESSIVE;
				GCC_WARN_UNUSED_FUNCTION = YES;
				GCC_WARN_UNUSED_VARIABLE = YES;
				IPHONEOS_DEPLOYMENT_TARGET = 13.1;
				MTL_ENABLE_DEBUG_INFO = NO;
				MTL_FAST_MATH = YES;
				SDKROOT = iphoneos;
				SWIFT_COMPILATION_MODE = wholemodule;
				SWIFT_OPTIMIZATION_LEVEL = "-O";
				VALIDATE_PRODUCT = YES;
			};
			name = Release;
		};
		455A38EB2369CBB400AE7B06 /* Debug */ = {
			isa = XCBuildConfiguration;
			baseConfigurationReference = 6D441D0B815DA33E0EDB6502 /* Pods-RxSwift-TodoList.debug.xcconfig */;
			buildSettings = {
				ASSETCATALOG_COMPILER_APPICON_NAME = AppIcon;
				CODE_SIGN_STYLE = Automatic;
				DEVELOPMENT_TEAM = LVR5UQEHBD;
				INFOPLIST_FILE = "RxSwift-TodoList/Info.plist";
				LD_RUNPATH_SEARCH_PATHS = (
					"$(inherited)",
					"@executable_path/Frameworks",
				);
				PRODUCT_BUNDLE_IDENTIFIER = "com.kawahara.RxSwift-TodoList";
				PRODUCT_NAME = "$(TARGET_NAME)";
				SWIFT_VERSION = 5.0;
				TARGETED_DEVICE_FAMILY = 1;
			};
			name = Debug;
		};
		455A38EC2369CBB400AE7B06 /* Release */ = {
			isa = XCBuildConfiguration;
			baseConfigurationReference = 0C84DAC6078804B3DC6BA6FF /* Pods-RxSwift-TodoList.release.xcconfig */;
			buildSettings = {
				ASSETCATALOG_COMPILER_APPICON_NAME = AppIcon;
				CODE_SIGN_STYLE = Automatic;
				DEVELOPMENT_TEAM = LVR5UQEHBD;
				INFOPLIST_FILE = "RxSwift-TodoList/Info.plist";
				LD_RUNPATH_SEARCH_PATHS = (
					"$(inherited)",
					"@executable_path/Frameworks",
				);
				PRODUCT_BUNDLE_IDENTIFIER = "com.kawahara.RxSwift-TodoList";
				PRODUCT_NAME = "$(TARGET_NAME)";
				SWIFT_VERSION = 5.0;
				TARGETED_DEVICE_FAMILY = 1;
			};
			name = Release;
		};
/* End XCBuildConfiguration section */

/* Begin XCConfigurationList section */
		455A38D12369CBB100AE7B06 /* Build configuration list for PBXProject "RxSwift-TodoList" */ = {
			isa = XCConfigurationList;
			buildConfigurations = (
				455A38E82369CBB400AE7B06 /* Debug */,
				455A38E92369CBB400AE7B06 /* Release */,
			);
			defaultConfigurationIsVisible = 0;
			defaultConfigurationName = Release;
		};
		455A38EA2369CBB400AE7B06 /* Build configuration list for PBXNativeTarget "RxSwift-TodoList" */ = {
			isa = XCConfigurationList;
			buildConfigurations = (
				455A38EB2369CBB400AE7B06 /* Debug */,
				455A38EC2369CBB400AE7B06 /* Release */,
			);
			defaultConfigurationIsVisible = 0;
			defaultConfigurationName = Release;
		};
/* End XCConfigurationList section */
	};
	rootObject = 455A38CE2369CBB100AE7B06 /* Project object */;
}
